// !$*UTF8*$!
{
	archiveVersion = 1;
	classes = {
	};
	objectVersion = 56;
	objects = {

/* Begin PBXBuildFile section */
		400F8CE62C16289D000515B3 /* AppDelegate.swift in Sources */ = {isa = PBXBuildFile; fileRef = 400F8CE52C16289D000515B3 /* AppDelegate.swift */; };
		400F8CE82C16289D000515B3 /* SceneDelegate.swift in Sources */ = {isa = PBXBuildFile; fileRef = 400F8CE72C16289D000515B3 /* SceneDelegate.swift */; };
		400F8CEA2C16289D000515B3 /* AllCompetitionsViewController.swift in Sources */ = {isa = PBXBuildFile; fileRef = 400F8CE92C16289D000515B3 /* AllCompetitionsViewController.swift */; };
		400F8CED2C16289D000515B3 /* Base in Resources */ = {isa = PBXBuildFile; fileRef = 400F8CEC2C16289D000515B3 /* Base */; };
		400F8CEF2C16289F000515B3 /* Assets.xcassets in Resources */ = {isa = PBXBuildFile; fileRef = 400F8CEE2C16289F000515B3 /* Assets.xcassets */; };
		400F8CF22C16289F000515B3 /* Base in Resources */ = {isa = PBXBuildFile; fileRef = 400F8CF12C16289F000515B3 /* Base */; };
		4046D7392C162FE200A01192 /* CompetitionViewCell.xib in Resources */ = {isa = PBXBuildFile; fileRef = 4046D7382C162FE200A01192 /* CompetitionViewCell.xib */; };
		4046D73A2C162FE200A01192 /* CompetitionViewCell.swift in Sources */ = {isa = PBXBuildFile; fileRef = 4046D7372C162FE200A01192 /* CompetitionViewCell.swift */; };
		4046D74B2C1642E200A01192 /* CompetitionDetailsViewController.swift in Sources */ = {isa = PBXBuildFile; fileRef = 4046D74A2C1642E200A01192 /* CompetitionDetailsViewController.swift */; };
		4046D7512C1651A600A01192 /* TeamDetailsViewController.swift in Sources */ = {isa = PBXBuildFile; fileRef = 4046D7502C1651A600A01192 /* TeamDetailsViewController.swift */; };
		C95986C09B983AA133A77FE5 /* Pods_FootBall.framework in Frameworks */ = {isa = PBXBuildFile; fileRef = 0348856709CB99BD8DE76BC2 /* Pods_FootBall.framework */; };
/* End PBXBuildFile section */

/* Begin PBXFileReference section */
		0348856709CB99BD8DE76BC2 /* Pods_FootBall.framework */ = {isa = PBXFileReference; explicitFileType = wrapper.framework; includeInIndex = 0; path = Pods_FootBall.framework; sourceTree = BUILT_PRODUCTS_DIR; };
		143A66C95315114C5F81F504 /* Pods-FootBall.debug.xcconfig */ = {isa = PBXFileReference; includeInIndex = 1; lastKnownFileType = text.xcconfig; name = "Pods-FootBall.debug.xcconfig"; path = "Target Support Files/Pods-FootBall/Pods-FootBall.debug.xcconfig"; sourceTree = "<group>"; };
		400F8CE22C16289D000515B3 /* FootBall.app */ = {isa = PBXFileReference; explicitFileType = wrapper.application; includeInIndex = 0; path = FootBall.app; sourceTree = BUILT_PRODUCTS_DIR; };
		400F8CE52C16289D000515B3 /* AppDelegate.swift */ = {isa = PBXFileReference; lastKnownFileType = sourcecode.swift; path = AppDelegate.swift; sourceTree = "<group>"; };
		400F8CE72C16289D000515B3 /* SceneDelegate.swift */ = {isa = PBXFileReference; lastKnownFileType = sourcecode.swift; path = SceneDelegate.swift; sourceTree = "<group>"; };
		400F8CE92C16289D000515B3 /* AllCompetitionsViewController.swift */ = {isa = PBXFileReference; lastKnownFileType = sourcecode.swift; path = AllCompetitionsViewController.swift; sourceTree = "<group>"; };
		400F8CEC2C16289D000515B3 /* Base */ = {isa = PBXFileReference; lastKnownFileType = file.storyboard; name = Base; path = Base.lproj/Main.storyboard; sourceTree = "<group>"; };
		400F8CEE2C16289F000515B3 /* Assets.xcassets */ = {isa = PBXFileReference; lastKnownFileType = folder.assetcatalog; path = Assets.xcassets; sourceTree = "<group>"; };
		400F8CF12C16289F000515B3 /* Base */ = {isa = PBXFileReference; lastKnownFileType = file.storyboard; name = Base; path = Base.lproj/LaunchScreen.storyboard; sourceTree = "<group>"; };
		400F8CF32C16289F000515B3 /* Info.plist */ = {isa = PBXFileReference; lastKnownFileType = text.plist.xml; path = Info.plist; sourceTree = "<group>"; };
		4046D7372C162FE200A01192 /* CompetitionViewCell.swift */ = {isa = PBXFileReference; lastKnownFileType = sourcecode.swift; path = CompetitionViewCell.swift; sourceTree = "<group>"; };
		4046D7382C162FE200A01192 /* CompetitionViewCell.xib */ = {isa = PBXFileReference; lastKnownFileType = file.xib; path = CompetitionViewCell.xib; sourceTree = "<group>"; };
		4046D74A2C1642E200A01192 /* CompetitionDetailsViewController.swift */ = {isa = PBXFileReference; lastKnownFileType = sourcecode.swift; path = CompetitionDetailsViewController.swift; sourceTree = "<group>"; };
		4046D7502C1651A600A01192 /* TeamDetailsViewController.swift */ = {isa = PBXFileReference; lastKnownFileType = sourcecode.swift; path = TeamDetailsViewController.swift; sourceTree = "<group>"; };
		85B2E1CB0827854B7443D2FA /* Pods-FootBall.release.xcconfig */ = {isa = PBXFileReference; includeInIndex = 1; lastKnownFileType = text.xcconfig; name = "Pods-FootBall.release.xcconfig"; path = "Target Support Files/Pods-FootBall/Pods-FootBall.release.xcconfig"; sourceTree = "<group>"; };
/* End PBXFileReference section */

/* Begin PBXFrameworksBuildPhase section */
		400F8CDF2C16289D000515B3 /* Frameworks */ = {
			isa = PBXFrameworksBuildPhase;
			buildActionMask = 2147483647;
			files = (
				C95986C09B983AA133A77FE5 /* Pods_FootBall.framework in Frameworks */,
			);
			runOnlyForDeploymentPostprocessing = 0;
		};
/* End PBXFrameworksBuildPhase section */

/* Begin PBXGroup section */
		3E7E3F46BF6132BD50459718 /* Pods */ = {
			isa = PBXGroup;
			children = (
				143A66C95315114C5F81F504 /* Pods-FootBall.debug.xcconfig */,
				85B2E1CB0827854B7443D2FA /* Pods-FootBall.release.xcconfig */,
			);
			path = Pods;
			sourceTree = "<group>";
		};
		400F8CD92C16289D000515B3 = {
			isa = PBXGroup;
			children = (
				400F8CE42C16289D000515B3 /* FootBall */,
				400F8CE32C16289D000515B3 /* Products */,
				3E7E3F46BF6132BD50459718 /* Pods */,
				AC9DDDF161FAD5270DB27C1C /* Frameworks */,
			);
			sourceTree = "<group>";
		};
		400F8CE32C16289D000515B3 /* Products */ = {
			isa = PBXGroup;
			children = (
				400F8CE22C16289D000515B3 /* FootBall.app */,
			);
			name = Products;
			sourceTree = "<group>";
		};
		400F8CE42C16289D000515B3 /* FootBall */ = {
			isa = PBXGroup;
			children = (
				4046D73F2C163FB600A01192 /* Utils */,
				4046D73E2C163FA200A01192 /* Services */,
				4046D73D2C163F9600A01192 /* Modules */,
				4046D73C2C163F8B00A01192 /* View */,
				4046D73B2C163F8000A01192 /* Model */,
				400F8CE52C16289D000515B3 /* AppDelegate.swift */,
				400F8CE72C16289D000515B3 /* SceneDelegate.swift */,
				400F8CEE2C16289F000515B3 /* Assets.xcassets */,
				400F8CF32C16289F000515B3 /* Info.plist */,
			);
			path = FootBall;
			sourceTree = "<group>";
		};
		4046D73B2C163F8000A01192 /* Model */ = {
			isa = PBXGroup;
			children = (
			);
			path = Model;
			sourceTree = "<group>";
		};
		4046D73C2C163F8B00A01192 /* View */ = {
			isa = PBXGroup;
			children = (
				4046D7402C163FCF00A01192 /* InterfaceBuilder */,
				4046D7412C163FDE00A01192 /* Classes */,
			);
			path = View;
			sourceTree = "<group>";
		};
		4046D73D2C163F9600A01192 /* Modules */ = {
			isa = PBXGroup;
			children = (
				4046D7422C16405B00A01192 /* Competitions */,
				4046D7432C16406A00A01192 /* CompetitionsInfo */,
				4046D7442C16407C00A01192 /* TeamInfo */,
			);
			path = Modules;
			sourceTree = "<group>";
		};
		4046D73E2C163FA200A01192 /* Services */ = {
			isa = PBXGroup;
			children = (
			);
			path = Services;
			sourceTree = "<group>";
		};
		4046D73F2C163FB600A01192 /* Utils */ = {
			isa = PBXGroup;
			children = (
			);
			path = Utils;
			sourceTree = "<group>";
		};
		4046D7402C163FCF00A01192 /* InterfaceBuilder */ = {
			isa = PBXGroup;
			children = (
				400F8CEB2C16289D000515B3 /* Main.storyboard */,
				400F8CF02C16289F000515B3 /* LaunchScreen.storyboard */,
				4046D7382C162FE200A01192 /* CompetitionViewCell.xib */,
			);
			path = InterfaceBuilder;
			sourceTree = "<group>";
		};
		4046D7412C163FDE00A01192 /* Classes */ = {
			isa = PBXGroup;
			children = (
				4046D7372C162FE200A01192 /* CompetitionViewCell.swift */,
			);
			path = Classes;
			sourceTree = "<group>";
		};
		4046D7422C16405B00A01192 /* Competitions */ = {
			isa = PBXGroup;
			children = (
				4046D7462C1640A700A01192 /* view */,
				4046D7452C16409B00A01192 /* viewModel */,
			);
			path = Competitions;
			sourceTree = "<group>";
		};
		4046D7432C16406A00A01192 /* CompetitionsInfo */ = {
			isa = PBXGroup;
			children = (
				4046D7482C16429C00A01192 /* view */,
				4046D7472C16429100A01192 /* viewModel */,
			);
			path = CompetitionsInfo;
			sourceTree = "<group>";
		};
		4046D7442C16407C00A01192 /* TeamInfo */ = {
			isa = PBXGroup;
			children = (
				4046D74F2C16518A00A01192 /* view */,
				4046D74E2C16518200A01192 /* viewModel */,
			);
			path = TeamInfo;
			sourceTree = "<group>";
		};
		4046D7452C16409B00A01192 /* viewModel */ = {
			isa = PBXGroup;
			children = (
			);
			path = viewModel;
			sourceTree = "<group>";
		};
		4046D7462C1640A700A01192 /* view */ = {
			isa = PBXGroup;
			children = (
				400F8CE92C16289D000515B3 /* AllCompetitionsViewController.swift */,
			);
			path = view;
			sourceTree = "<group>";
		};
		4046D7472C16429100A01192 /* viewModel */ = {
			isa = PBXGroup;
			children = (
			);
			path = viewModel;
			sourceTree = "<group>";
		};
		4046D7482C16429C00A01192 /* view */ = {
			isa = PBXGroup;
			children = (
				4046D74A2C1642E200A01192 /* CompetitionDetailsViewController.swift */,
			);
			path = view;
			sourceTree = "<group>";
		};
		4046D74E2C16518200A01192 /* viewModel */ = {
			isa = PBXGroup;
			children = (
			);
			path = viewModel;
			sourceTree = "<group>";
		};
		4046D74F2C16518A00A01192 /* view */ = {
			isa = PBXGroup;
			children = (
				4046D7502C1651A600A01192 /* TeamDetailsViewController.swift */,
			);
			path = view;
			sourceTree = "<group>";
		};
		AC9DDDF161FAD5270DB27C1C /* Frameworks */ = {
			isa = PBXGroup;
			children = (
				0348856709CB99BD8DE76BC2 /* Pods_FootBall.framework */,
			);
			name = Frameworks;
			sourceTree = "<group>";
		};
/* End PBXGroup section */

/* Begin PBXNativeTarget section */
		400F8CE12C16289D000515B3 /* FootBall */ = {
			isa = PBXNativeTarget;
			buildConfigurationList = 400F8CF62C16289F000515B3 /* Build configuration list for PBXNativeTarget "FootBall" */;
			buildPhases = (
				748077F808A06277182BA350 /* [CP] Check Pods Manifest.lock */,
				400F8CDE2C16289D000515B3 /* Sources */,
				400F8CDF2C16289D000515B3 /* Frameworks */,
				400F8CE02C16289D000515B3 /* Resources */,
				3E70F04A553B9D59D73DA5A0 /* [CP] Embed Pods Frameworks */,
			);
			buildRules = (
			);
			dependencies = (
			);
			name = FootBall;
			productName = FootBall;
			productReference = 400F8CE22C16289D000515B3 /* FootBall.app */;
			productType = "com.apple.product-type.application";
		};
/* End PBXNativeTarget section */

/* Begin PBXProject section */
		400F8CDA2C16289D000515B3 /* Project object */ = {
			isa = PBXProject;
			attributes = {
				BuildIndependentTargetsInParallel = 1;
				LastSwiftUpdateCheck = 1530;
				LastUpgradeCheck = 1530;
				TargetAttributes = {
					400F8CE12C16289D000515B3 = {
						CreatedOnToolsVersion = 15.3;
					};
				};
			};
			buildConfigurationList = 400F8CDD2C16289D000515B3 /* Build configuration list for PBXProject "FootBall" */;
			compatibilityVersion = "Xcode 14.0";
			developmentRegion = en;
			hasScannedForEncodings = 0;
			knownRegions = (
				en,
				Base,
			);
			mainGroup = 400F8CD92C16289D000515B3;
			productRefGroup = 400F8CE32C16289D000515B3 /* Products */;
			projectDirPath = "";
			projectRoot = "";
			targets = (
				400F8CE12C16289D000515B3 /* FootBall */,
			);
		};
/* End PBXProject section */

/* Begin PBXResourcesBuildPhase section */
		400F8CE02C16289D000515B3 /* Resources */ = {
			isa = PBXResourcesBuildPhase;
			buildActionMask = 2147483647;
			files = (
				400F8CEF2C16289F000515B3 /* Assets.xcassets in Resources */,
				400F8CF22C16289F000515B3 /* Base in Resources */,
				4046D7392C162FE200A01192 /* CompetitionViewCell.xib in Resources */,
				400F8CED2C16289D000515B3 /* Base in Resources */,
			);
			runOnlyForDeploymentPostprocessing = 0;
		};
/* End PBXResourcesBuildPhase section */

/* Begin PBXShellScriptBuildPhase section */
		3E70F04A553B9D59D73DA5A0 /* [CP] Embed Pods Frameworks */ = {
			isa = PBXShellScriptBuildPhase;
			buildActionMask = 2147483647;
			files = (
			);
			inputFileListPaths = (
				"${PODS_ROOT}/Target Support Files/Pods-FootBall/Pods-FootBall-frameworks-${CONFIGURATION}-input-files.xcfilelist",
			);
			name = "[CP] Embed Pods Frameworks";
			outputFileListPaths = (
				"${PODS_ROOT}/Target Support Files/Pods-FootBall/Pods-FootBall-frameworks-${CONFIGURATION}-output-files.xcfilelist",
			);
			runOnlyForDeploymentPostprocessing = 0;
			shellPath = /bin/sh;
			shellScript = "\"${PODS_ROOT}/Target Support Files/Pods-FootBall/Pods-FootBall-frameworks.sh\"\n";
			showEnvVarsInLog = 0;
		};
		748077F808A06277182BA350 /* [CP] Check Pods Manifest.lock */ = {
			isa = PBXShellScriptBuildPhase;
			buildActionMask = 2147483647;
			files = (
			);
			inputFileListPaths = (
			);
			inputPaths = (
				"${PODS_PODFILE_DIR_PATH}/Podfile.lock",
				"${PODS_ROOT}/Manifest.lock",
			);
			name = "[CP] Check Pods Manifest.lock";
			outputFileListPaths = (
			);
			outputPaths = (
				"$(DERIVED_FILE_DIR)/Pods-FootBall-checkManifestLockResult.txt",
			);
			runOnlyForDeploymentPostprocessing = 0;
			shellPath = /bin/sh;
			shellScript = "diff \"${PODS_PODFILE_DIR_PATH}/Podfile.lock\" \"${PODS_ROOT}/Manifest.lock\" > /dev/null\nif [ $? != 0 ] ; then\n    # print error to STDERR\n    echo \"error: The sandbox is not in sync with the Podfile.lock. Run 'pod install' or update your CocoaPods installation.\" >&2\n    exit 1\nfi\n# This output is used by Xcode 'outputs' to avoid re-running this script phase.\necho \"SUCCESS\" > \"${SCRIPT_OUTPUT_FILE_0}\"\n";
			showEnvVarsInLog = 0;
		};
/* End PBXShellScriptBuildPhase section */

/* Begin PBXSourcesBuildPhase section */
		400F8CDE2C16289D000515B3 /* Sources */ = {
			isa = PBXSourcesBuildPhase;
			buildActionMask = 2147483647;
			files = (
				4046D74B2C1642E200A01192 /* CompetitionDetailsViewController.swift in Sources */,
				400F8CEA2C16289D000515B3 /* AllCompetitionsViewController.swift in Sources */,
				400F8CE62C16289D000515B3 /* AppDelegate.swift in Sources */,
				4046D73A2C162FE200A01192 /* CompetitionViewCell.swift in Sources */,
				4046D7512C1651A600A01192 /* TeamDetailsViewController.swift in Sources */,
				400F8CE82C16289D000515B3 /* SceneDelegate.swift in Sources */,
			);
			runOnlyForDeploymentPostprocessing = 0;
		};
/* End PBXSourcesBuildPhase section */

/* Begin PBXVariantGroup section */
		400F8CEB2C16289D000515B3 /* Main.storyboard */ = {
			isa = PBXVariantGroup;
			children = (
				400F8CEC2C16289D000515B3 /* Base */,
			);
			name = Main.storyboard;
			sourceTree = "<group>";
		};
		400F8CF02C16289F000515B3 /* LaunchScreen.storyboard */ = {
			isa = PBXVariantGroup;
			children = (
				400F8CF12C16289F000515B3 /* Base */,
			);
			name = LaunchScreen.storyboard;
			sourceTree = "<group>";
		};
/* End PBXVariantGroup section */

/* Begin XCBuildConfiguration section */
		400F8CF42C16289F000515B3 /* Debug */ = {
			isa = XCBuildConfiguration;
			buildSettings = {
				ALWAYS_SEARCH_USER_PATHS = NO;
				ASSETCATALOG_COMPILER_GENERATE_SWIFT_ASSET_SYMBOL_EXTENSIONS = YES;
				CLANG_ANALYZER_NONNULL = YES;
				CLANG_ANALYZER_NUMBER_OBJECT_CONVERSION = YES_AGGRESSIVE;
				CLANG_CXX_LANGUAGE_STANDARD = "gnu++20";
				CLANG_ENABLE_MODULES = YES;
				CLANG_ENABLE_OBJC_ARC = YES;
				CLANG_ENABLE_OBJC_WEAK = YES;
				CLANG_WARN_BLOCK_CAPTURE_AUTORELEASING = YES;
				CLANG_WARN_BOOL_CONVERSION = YES;
				CLANG_WARN_COMMA = YES;
				CLANG_WARN_CONSTANT_CONVERSION = YES;
				CLANG_WARN_DEPRECATED_OBJC_IMPLEMENTATIONS = YES;
				CLANG_WARN_DIRECT_OBJC_ISA_USAGE = YES_ERROR;
				CLANG_WARN_DOCUMENTATION_COMMENTS = YES;
				CLANG_WARN_EMPTY_BODY = YES;
				CLANG_WARN_ENUM_CONVERSION = YES;
				CLANG_WARN_INFINITE_RECURSION = YES;
				CLANG_WARN_INT_CONVERSION = YES;
				CLANG_WARN_NON_LITERAL_NULL_CONVERSION = YES;
				CLANG_WARN_OBJC_IMPLICIT_RETAIN_SELF = YES;
				CLANG_WARN_OBJC_LITERAL_CONVERSION = YES;
				CLANG_WARN_OBJC_ROOT_CLASS = YES_ERROR;
				CLANG_WARN_QUOTED_INCLUDE_IN_FRAMEWORK_HEADER = YES;
				CLANG_WARN_RANGE_LOOP_ANALYSIS = YES;
				CLANG_WARN_STRICT_PROTOTYPES = YES;
				CLANG_WARN_SUSPICIOUS_MOVE = YES;
				CLANG_WARN_UNGUARDED_AVAILABILITY = YES_AGGRESSIVE;
				CLANG_WARN_UNREACHABLE_CODE = YES;
				CLANG_WARN__DUPLICATE_METHOD_MATCH = YES;
				COPY_PHASE_STRIP = NO;
				DEBUG_INFORMATION_FORMAT = dwarf;
				ENABLE_STRICT_OBJC_MSGSEND = YES;
				ENABLE_TESTABILITY = YES;
				ENABLE_USER_SCRIPT_SANDBOXING = YES;
				GCC_C_LANGUAGE_STANDARD = gnu17;
				GCC_DYNAMIC_NO_PIC = NO;
				GCC_NO_COMMON_BLOCKS = YES;
				GCC_OPTIMIZATION_LEVEL = 0;
				GCC_PREPROCESSOR_DEFINITIONS = (
					"DEBUG=1",
					"$(inherited)",
				);
				GCC_WARN_64_TO_32_BIT_CONVERSION = YES;
				GCC_WARN_ABOUT_RETURN_TYPE = YES_ERROR;
				GCC_WARN_UNDECLARED_SELECTOR = YES;
				GCC_WARN_UNINITIALIZED_AUTOS = YES_AGGRESSIVE;
				GCC_WARN_UNUSED_FUNCTION = YES;
				GCC_WARN_UNUSED_VARIABLE = YES;
				IPHONEOS_DEPLOYMENT_TARGET = 17.4;
				LOCALIZATION_PREFERS_STRING_CATALOGS = YES;
				MTL_ENABLE_DEBUG_INFO = INCLUDE_SOURCE;
				MTL_FAST_MATH = YES;
				ONLY_ACTIVE_ARCH = YES;
				SDKROOT = iphoneos;
				SWIFT_ACTIVE_COMPILATION_CONDITIONS = "DEBUG $(inherited)";
				SWIFT_OPTIMIZATION_LEVEL = "-Onone";
			};
			name = Debug;
		};
		400F8CF52C16289F000515B3 /* Release */ = {
			isa = XCBuildConfiguration;
			buildSettings = {
				ALWAYS_SEARCH_USER_PATHS = NO;
				ASSETCATALOG_COMPILER_GENERATE_SWIFT_ASSET_SYMBOL_EXTENSIONS = YES;
				CLANG_ANALYZER_NONNULL = YES;
				CLANG_ANALYZER_NUMBER_OBJECT_CONVERSION = YES_AGGRESSIVE;
				CLANG_CXX_LANGUAGE_STANDARD = "gnu++20";
				CLANG_ENABLE_MODULES = YES;
				CLANG_ENABLE_OBJC_ARC = YES;
				CLANG_ENABLE_OBJC_WEAK = YES;
				CLANG_WARN_BLOCK_CAPTURE_AUTORELEASING = YES;
				CLANG_WARN_BOOL_CONVERSION = YES;
				CLANG_WARN_COMMA = YES;
				CLANG_WARN_CONSTANT_CONVERSION = YES;
				CLANG_WARN_DEPRECATED_OBJC_IMPLEMENTATIONS = YES;
				CLANG_WARN_DIRECT_OBJC_ISA_USAGE = YES_ERROR;
				CLANG_WARN_DOCUMENTATION_COMMENTS = YES;
				CLANG_WARN_EMPTY_BODY = YES;
				CLANG_WARN_ENUM_CONVERSION = YES;
				CLANG_WARN_INFINITE_RECURSION = YES;
				CLANG_WARN_INT_CONVERSION = YES;
				CLANG_WARN_NON_LITERAL_NULL_CONVERSION = YES;
				CLANG_WARN_OBJC_IMPLICIT_RETAIN_SELF = YES;
				CLANG_WARN_OBJC_LITERAL_CONVERSION = YES;
				CLANG_WARN_OBJC_ROOT_CLASS = YES_ERROR;
				CLANG_WARN_QUOTED_INCLUDE_IN_FRAMEWORK_HEADER = YES;
				CLANG_WARN_RANGE_LOOP_ANALYSIS = YES;
				CLANG_WARN_STRICT_PROTOTYPES = YES;
				CLANG_WARN_SUSPICIOUS_MOVE = YES;
				CLANG_WARN_UNGUARDED_AVAILABILITY = YES_AGGRESSIVE;
				CLANG_WARN_UNREACHABLE_CODE = YES;
				CLANG_WARN__DUPLICATE_METHOD_MATCH = YES;
				COPY_PHASE_STRIP = NO;
				DEBUG_INFORMATION_FORMAT = "dwarf-with-dsym";
				ENABLE_NS_ASSERTIONS = NO;
				ENABLE_STRICT_OBJC_MSGSEND = YES;
				ENABLE_USER_SCRIPT_SANDBOXING = YES;
				GCC_C_LANGUAGE_STANDARD = gnu17;
				GCC_NO_COMMON_BLOCKS = YES;
				GCC_WARN_64_TO_32_BIT_CONVERSION = YES;
				GCC_WARN_ABOUT_RETURN_TYPE = YES_ERROR;
				GCC_WARN_UNDECLARED_SELECTOR = YES;
				GCC_WARN_UNINITIALIZED_AUTOS = YES_AGGRESSIVE;
				GCC_WARN_UNUSED_FUNCTION = YES;
				GCC_WARN_UNUSED_VARIABLE = YES;
				IPHONEOS_DEPLOYMENT_TARGET = 17.4;
				LOCALIZATION_PREFERS_STRING_CATALOGS = YES;
				MTL_ENABLE_DEBUG_INFO = NO;
				MTL_FAST_MATH = YES;
				SDKROOT = iphoneos;
				SWIFT_COMPILATION_MODE = wholemodule;
				VALIDATE_PRODUCT = YES;
			};
			name = Release;
		};
		400F8CF72C16289F000515B3 /* Debug */ = {
			isa = XCBuildConfiguration;
			baseConfigurationReference = 143A66C95315114C5F81F504 /* Pods-FootBall.debug.xcconfig */;
			buildSettings = {
				ASSETCATALOG_COMPILER_APPICON_NAME = AppIcon;
				ASSETCATALOG_COMPILER_GLOBAL_ACCENT_COLOR_NAME = AccentColor;
				CODE_SIGN_STYLE = Automatic;
				CURRENT_PROJECT_VERSION = 1;
				ENABLE_USER_SCRIPT_SANDBOXING = NO;
				GENERATE_INFOPLIST_FILE = YES;
				INFOPLIST_FILE = FootBall/Info.plist;
				INFOPLIST_KEY_UIApplicationSupportsIndirectInputEvents = YES;
				INFOPLIST_KEY_UILaunchStoryboardName = LaunchScreen;
				INFOPLIST_KEY_UIMainStoryboardFile = Main;
				INFOPLIST_KEY_UISupportedInterfaceOrientations_iPad = "UIInterfaceOrientationPortrait UIInterfaceOrientationPortraitUpsideDown UIInterfaceOrientationLandscapeLeft UIInterfaceOrientationLandscapeRight";
				INFOPLIST_KEY_UISupportedInterfaceOrientations_iPhone = "UIInterfaceOrientationPortrait UIInterfaceOrientationLandscapeLeft UIInterfaceOrientationLandscapeRight";
				IPHONEOS_DEPLOYMENT_TARGET = 15.0;
				LD_RUNPATH_SEARCH_PATHS = (
					"$(inherited)",
					"@executable_path/Frameworks",
				);
				MARKETING_VERSION = 1.0;
				PRODUCT_BUNDLE_IDENTIFIER = ITI.FootBall;
				PRODUCT_NAME = "$(TARGET_NAME)";
				SWIFT_EMIT_LOC_STRINGS = YES;
				SWIFT_VERSION = 5.0;
				TARGETED_DEVICE_FAMILY = "1,2";
			};
			name = Debug;
		};
		400F8CF82C16289F000515B3 /* Release */ = {
			isa = XCBuildConfiguration;
			baseConfigurationReference = 85B2E1CB0827854B7443D2FA /* Pods-FootBall.release.xcconfig */;
			buildSettings = {
				ASSETCATALOG_COMPILER_APPICON_NAME = AppIcon;
				ASSETCATALOG_COMPILER_GLOBAL_ACCENT_COLOR_NAME = AccentColor;
				CODE_SIGN_STYLE = Automatic;
				CURRENT_PROJECT_VERSION = 1;
				ENABLE_USER_SCRIPT_SANDBOXING = NO;
				GENERATE_INFOPLIST_FILE = YES;
				INFOPLIST_FILE = FootBall/Info.plist;
				INFOPLIST_KEY_UIApplicationSupportsIndirectInputEvents = YES;
				INFOPLIST_KEY_UILaunchStoryboardName = LaunchScreen;
				INFOPLIST_KEY_UIMainStoryboardFile = Main;
				INFOPLIST_KEY_UISupportedInterfaceOrientations_iPad = "UIInterfaceOrientationPortrait UIInterfaceOrientationPortraitUpsideDown UIInterfaceOrientationLandscapeLeft UIInterfaceOrientationLandscapeRight";
				INFOPLIST_KEY_UISupportedInterfaceOrientations_iPhone = "UIInterfaceOrientationPortrait UIInterfaceOrientationLandscapeLeft UIInterfaceOrientationLandscapeRight";
				IPHONEOS_DEPLOYMENT_TARGET = 15.0;
				LD_RUNPATH_SEARCH_PATHS = (
					"$(inherited)",
					"@executable_path/Frameworks",
				);
				MARKETING_VERSION = 1.0;
				PRODUCT_BUNDLE_IDENTIFIER = ITI.FootBall;
				PRODUCT_NAME = "$(TARGET_NAME)";
				SWIFT_EMIT_LOC_STRINGS = YES;
				SWIFT_VERSION = 5.0;
				TARGETED_DEVICE_FAMILY = "1,2";
			};
			name = Release;
		};
/* End XCBuildConfiguration section */

/* Begin XCConfigurationList section */
		400F8CDD2C16289D000515B3 /* Build configuration list for PBXProject "FootBall" */ = {
			isa = XCConfigurationList;
			buildConfigurations = (
				400F8CF42C16289F000515B3 /* Debug */,
				400F8CF52C16289F000515B3 /* Release */,
			);
			defaultConfigurationIsVisible = 0;
			defaultConfigurationName = Release;
		};
		400F8CF62C16289F000515B3 /* Build configuration list for PBXNativeTarget "FootBall" */ = {
			isa = XCConfigurationList;
			buildConfigurations = (
				400F8CF72C16289F000515B3 /* Debug */,
				400F8CF82C16289F000515B3 /* Release */,
			);
			defaultConfigurationIsVisible = 0;
			defaultConfigurationName = Release;
		};
/* End XCConfigurationList section */
	};
	rootObject = 400F8CDA2C16289D000515B3 /* Project object */;
}
